
Microsoft Visual Studio Solution File, Format Version 12.00
# Visual Studio Version 17
VisualStudioVersion = 17.0.31903.59
MinimumVisualStudioVersion = 10.0.40219.1
Project("{2150E333-8FDC-42A3-9474-1A3956D46DE8}") = "src", "src", "{878F4F1C-8A42-469C-AD82-7B4097CF8628}"
EndProject
Project("{FAE04EC0-301F-11D3-BF4B-00C04F79EFBC}") = "Ramos.eSocial.Shared", "src\Ramos.eSocial.Shared\Ramos.eSocial.Shared.csproj", "{67D5C83C-14A1-4092-A4B8-9E069FDB29B6}"
EndProject
Project("{2150E333-8FDC-42A3-9474-1A3956D46DE8}") = "tests", "tests", "{F249FC46-3B61-4B97-B475-90B1FCA0FBA7}"
EndProject
Project("{FAE04EC0-301F-11D3-BF4B-00C04F79EFBC}") = "Ramos.eSocial.Tests", "tests\Ramos.eSocial.Tests\Ramos.eSocial.Tests.csproj", "{3CC4ACCF-C313-45E8-92B7-042FB499C7ED}"
EndProject
Project("{2150E333-8FDC-42A3-9474-1A3956D46DE8}") = "Domain", "Domain", "{52AE1305-1723-475A-A82B-1D8BD1508E90}"
EndProject
Project("{FAE04EC0-301F-11D3-BF4B-00C04F79EFBC}") = "Ramos.eSocial.S-1000.Domain", "src\Domain\Ramos.eSocial.S-1000.Domain\Ramos.eSocial.S-1000.Domain.csproj", "{1C73184D-FE97-4304-B602-6999CFC98D7B}"
EndProject
Project("{FAE04EC0-301F-11D3-BF4B-00C04F79EFBC}") = "Ramos.eSocial.S-1005.Domain", "src\Domain\Ramos.eSocial.S-1005.Domain\Ramos.eSocial.S-1005.Domain.csproj", "{23907F64-5616-4149-AB40-6D4425A63B6E}"
EndProject
Project("{FAE04EC0-301F-11D3-BF4B-00C04F79EFBC}") = "Ramos.eSocial.S-1010.Domain", "src\Domain\Ramos.eSocial.S-1010.Domain\Ramos.eSocial.S-1010.Domain.csproj", "{42EDF05D-9ABE-41B9-9DA6-B468A91708E4}"
EndProject
Project("{FAE04EC0-301F-11D3-BF4B-00C04F79EFBC}") = "Ramos.eSocial.S-1020.Domain", "src\Domain\Ramos.eSocial.S-1020.Domain\Ramos.eSocial.S-1020.Domain.csproj", "{77C5A0EE-5254-4A64-8D59-940EDDF9F2F9}"
EndProject
Project("{FAE04EC0-301F-11D3-BF4B-00C04F79EFBC}") = "Ramos.eSocial.S-1070.Domain", "src\Domain\Ramos.eSocial.S-1070.Domain\Ramos.eSocial.S-1070.Domain.csproj", "{65BA5C3A-18EA-4882-AF4B-3B6C929398E6}"
EndProject
Project("{FAE04EC0-301F-11D3-BF4B-00C04F79EFBC}") = "Ramos.eSocial.S-1200.Domain", "src\Domain\Ramos.eSocial.S-1200.Domain\Ramos.eSocial.S-1200.Domain.csproj", "{D07A8585-4131-4F85-A4A9-6E8DFAAA93FF}"
EndProject
Project("{FAE04EC0-301F-11D3-BF4B-00C04F79EFBC}") = "Ramos.eSocial.S-1202.Domain", "src\Domain\Ramos.eSocial.S-1202.Domain\Ramos.eSocial.S-1202.Domain.csproj", "{4FCA6F02-38EB-42C6-AF43-6A47FC1CA51B}"
EndProject
Project("{FAE04EC0-301F-11D3-BF4B-00C04F79EFBC}") = "Ramos.eSocial.S-1207.Domain", "src\Domain\Ramos.eSocial.S-1207.Domain\Ramos.eSocial.S-1207.Domain.csproj", "{86B190EC-75C2-4EFD-87EC-10E7FA7F92CE}"
EndProject
Project("{FAE04EC0-301F-11D3-BF4B-00C04F79EFBC}") = "Ramos.eSocial.S-1210.Domain", "src\Domain\Ramos.eSocial.S-1210.Domain\Ramos.eSocial.S-1210.Domain.csproj", "{D4F1B199-1DD3-4F43-B0E5-733434D03AB7}"
EndProject
Project("{FAE04EC0-301F-11D3-BF4B-00C04F79EFBC}") = "Ramos.eSocial.S-1260.Domain", "src\Domain\Ramos.eSocial.S-1260.Domain\Ramos.eSocial.S-1260.Domain.csproj", "{14868E50-02BA-4348-8388-8DEF02C74389}"
EndProject
Project("{FAE04EC0-301F-11D3-BF4B-00C04F79EFBC}") = "Ramos.eSocial.S-1270.Domain", "src\Domain\Ramos.eSocial.S-1270.Domain\Ramos.eSocial.S-1270.Domain.csproj", "{D6AED247-A1BB-4713-B22F-47897F86113B}"
EndProject
Project("{FAE04EC0-301F-11D3-BF4B-00C04F79EFBC}") = "Ramos.eSocial.S-1280.Domain", "src\Domain\Ramos.eSocial.S-1280.Domain\Ramos.eSocial.S-1280.Domain.csproj", "{0473BD1D-127D-4E1E-809A-9C2B3D091102}"
EndProject
Project("{FAE04EC0-301F-11D3-BF4B-00C04F79EFBC}") = "Ramos.eSocial.S-1298.Domain", "src\Domain\Ramos.eSocial.S-1298.Domain\Ramos.eSocial.S-1298.Domain.csproj", "{9F768E5A-318B-4E67-83D7-CA4CDD5057E8}"
EndProject
Project("{FAE04EC0-301F-11D3-BF4B-00C04F79EFBC}") = "Ramos.eSocial.S-1299.Domain", "src\Domain\Ramos.eSocial.S-1299.Domain\Ramos.eSocial.S-1299.Domain.csproj", "{BCE608F9-04A7-4BB5-8629-CB52768EAA51}"
EndProject
Project("{FAE04EC0-301F-11D3-BF4B-00C04F79EFBC}") = "Ramos.eSocial.S-2190.Domain", "src\Domain\Ramos.eSocial.S-2190.Domain\Ramos.eSocial.S-2190.Domain.csproj", "{E5CE244B-60E3-427E-AB8B-F133A6ED301A}"
EndProject
Project("{FAE04EC0-301F-11D3-BF4B-00C04F79EFBC}") = "Ramos.eSocial.S-2200.Domain", "src\Domain\Ramos.eSocial.S-2200.Domain\Ramos.eSocial.S-2200.Domain.csproj", "{E34A221E-276F-4798-A134-DA8319129EA5}"
EndProject
Project("{FAE04EC0-301F-11D3-BF4B-00C04F79EFBC}") = "Ramos.eSocial.S-2205.Domain", "src\Domain\Ramos.eSocial.S-2205.Domain\Ramos.eSocial.S-2205.Domain.csproj", "{132DEAC8-29BC-4D72-871B-883C0C4ACE05}"
EndProject
Project("{FAE04EC0-301F-11D3-BF4B-00C04F79EFBC}") = "Ramos.eSocial.S-2206.Domain", "src\Domain\Ramos.eSocial.S-2206.Domain\Ramos.eSocial.S-2206.Domain.csproj", "{2DA920C4-D112-4B81-B799-7684EBCECE8E}"
EndProject
Project("{FAE04EC0-301F-11D3-BF4B-00C04F79EFBC}") = "Ramos.eSocial.S-2210.Domain", "src\Domain\Ramos.eSocial.S-2210.Domain\Ramos.eSocial.S-2210.Domain.csproj", "{EB7EAC81-C823-46F5-A8BB-3F6D9D100203}"
EndProject
Project("{FAE04EC0-301F-11D3-BF4B-00C04F79EFBC}") = "Ramos.eSocial.S-2220.Domain", "src\Domain\Ramos.eSocial.S-2220.Domain\Ramos.eSocial.S-2220.Domain.csproj", "{C788E606-651B-4346-BBDC-5E4092DA3F78}"
EndProject
Project("{FAE04EC0-301F-11D3-BF4B-00C04F79EFBC}") = "Ramos.eSocial.S-2221.Domain", "src\Domain\Ramos.eSocial.S-2221.Domain\Ramos.eSocial.S-2221.Domain.csproj", "{9F32E4C3-FF61-4B78-AE59-D57C6D016930}"
EndProject
Project("{FAE04EC0-301F-11D3-BF4B-00C04F79EFBC}") = "Ramos.eSocial.S-2230.Domain", "src\Domain\Ramos.eSocial.S-2230.Domain\Ramos.eSocial.S-2230.Domain.csproj", "{A7403FCF-575D-42F9-AD01-8E685A44B70F}"
EndProject
Project("{FAE04EC0-301F-11D3-BF4B-00C04F79EFBC}") = "Ramos.eSocial.S-2231.Domain", "src\Domain\Ramos.eSocial.S-2231.Domain\Ramos.eSocial.S-2231.Domain.csproj", "{4F15883C-E7DF-495B-A51A-07B82111EE3E}"
EndProject
Project("{FAE04EC0-301F-11D3-BF4B-00C04F79EFBC}") = "Ramos.eSocial.S-2240.Domain", "src\Domain\Ramos.eSocial.S-2240.Domain\Ramos.eSocial.S-2240.Domain.csproj", "{73D984ED-99B7-4B7D-9B2A-AEEF28CE9FE0}"
EndProject
Project("{FAE04EC0-301F-11D3-BF4B-00C04F79EFBC}") = "Ramos.eSocial.S-2298.Domain", "src\Domain\Ramos.eSocial.S-2298.Domain\Ramos.eSocial.S-2298.Domain.csproj", "{3366AC66-8E60-4AAD-9BE2-BDB4D5ADFF66}"
EndProject
Project("{FAE04EC0-301F-11D3-BF4B-00C04F79EFBC}") = "Ramos.eSocial.S-2299.Domain", "src\Domain\Ramos.eSocial.S-2299.Domain\Ramos.eSocial.S-2299.Domain.csproj", "{D5FA68C9-0768-4E65-B4C1-3A564541D7E2}"
EndProject
Project("{FAE04EC0-301F-11D3-BF4B-00C04F79EFBC}") = "Ramos.eSocial.S-2300.Domain", "src\Domain\Ramos.eSocial.S-2300.Domain\Ramos.eSocial.S-2300.Domain.csproj", "{04408136-EE17-4D17-829D-0527ABEBDBDC}"
EndProject
Project("{FAE04EC0-301F-11D3-BF4B-00C04F79EFBC}") = "Ramos.eSocial.S-2306.Domain", "src\Domain\Ramos.eSocial.S-2306.Domain\Ramos.eSocial.S-2306.Domain.csproj", "{746E0820-1DA4-43F2-BF45-DE0595036453}"
EndProject
Project("{FAE04EC0-301F-11D3-BF4B-00C04F79EFBC}") = "Ramos.eSocial.S-2399.Domain", "src\Domain\Ramos.eSocial.S-2399.Domain\Ramos.eSocial.S-2399.Domain.csproj", "{2C97DB06-5B1D-4123-8560-EAB60325B9CB}"
EndProject
Project("{FAE04EC0-301F-11D3-BF4B-00C04F79EFBC}") = "Ramos.eSocial.S-2400.Domain", "src\Domain\Ramos.eSocial.S-2400.Domain\Ramos.eSocial.S-2400.Domain.csproj", "{627E3FB5-9060-4A68-A985-75514A4EAA03}"
EndProject
Project("{FAE04EC0-301F-11D3-BF4B-00C04F79EFBC}") = "Ramos.eSocial.S-2405.Domain", "src\Domain\Ramos.eSocial.S-2405.Domain\Ramos.eSocial.S-2405.Domain.csproj", "{836F0ECC-AD33-4EED-A48A-E0E16BA3C7F3}"
EndProject
Project("{FAE04EC0-301F-11D3-BF4B-00C04F79EFBC}") = "Ramos.eSocial.S-2410.Domain", "src\Domain\Ramos.eSocial.S-2410.Domain\Ramos.eSocial.S-2410.Domain.csproj", "{BD9E1304-B0F2-4A2B-B40A-24AF1F919A3F}"
EndProject
Project("{FAE04EC0-301F-11D3-BF4B-00C04F79EFBC}") = "Ramos.eSocial.S-2416.Domain", "src\Domain\Ramos.eSocial.S-2416.Domain\Ramos.eSocial.S-2416.Domain.csproj", "{18CA62ED-6663-41D4-A8BC-FD5390D1FCEE}"
EndProject
Project("{FAE04EC0-301F-11D3-BF4B-00C04F79EFBC}") = "Ramos.eSocial.S-2418.Domain", "src\Domain\Ramos.eSocial.S-2418.Domain\Ramos.eSocial.S-2418.Domain.csproj", "{D16D4B8F-E3B8-4D2B-89ED-885AE54C6F8D}"
EndProject
Project("{FAE04EC0-301F-11D3-BF4B-00C04F79EFBC}") = "Ramos.eSocial.S-2420.Domain", "src\Domain\Ramos.eSocial.S-2420.Domain\Ramos.eSocial.S-2420.Domain.csproj", "{6F995149-DD51-46EE-A37E-1A59DE31548A}"
EndProject
Project("{FAE04EC0-301F-11D3-BF4B-00C04F79EFBC}") = "Ramos.eSocial.S-2500.Domain", "src\Domain\Ramos.eSocial.S-2500.Domain\Ramos.eSocial.S-2500.Domain.csproj", "{FE1AECA9-60A4-45CE-84AB-AA4F2CE24ED8}"
EndProject
Project("{FAE04EC0-301F-11D3-BF4B-00C04F79EFBC}") = "Ramos.eSocial.S-2501.Domain", "src\Domain\Ramos.eSocial.S-2501.Domain\Ramos.eSocial.S-2501.Domain.csproj", "{CA179117-C091-4143-B4D9-777005083A2E}"
EndProject
Project("{FAE04EC0-301F-11D3-BF4B-00C04F79EFBC}") = "Ramos.eSocial.S-2555.Domain", "src\Domain\Ramos.eSocial.S-2555.Domain\Ramos.eSocial.S-2555.Domain.csproj", "{2EA6D20A-E9C3-4FA4-AA13-E5A2E17739E4}"
EndProject
Project("{FAE04EC0-301F-11D3-BF4B-00C04F79EFBC}") = "Ramos.eSocial.S-3000.Domain", "src\Domain\Ramos.eSocial.S-3000.Domain\Ramos.eSocial.S-3000.Domain.csproj", "{A0039232-3C30-46DE-B2EE-FD9E7409BB14}"
EndProject
Project("{FAE04EC0-301F-11D3-BF4B-00C04F79EFBC}") = "Ramos.eSocial.S-3500.Domain", "src\Domain\Ramos.eSocial.S-3500.Domain\Ramos.eSocial.S-3500.Domain.csproj", "{AB589E2A-F72A-480C-941D-14EB9A7FBE73}"
EndProject
Project("{FAE04EC0-301F-11D3-BF4B-00C04F79EFBC}") = "Ramos.eSocial.S-5001.Domain", "src\Domain\Ramos.eSocial.S-5001.Domain\Ramos.eSocial.S-5001.Domain.csproj", "{3C76A377-2CEB-4F37-BC29-F7556945EEA2}"
EndProject
Project("{FAE04EC0-301F-11D3-BF4B-00C04F79EFBC}") = "Ramos.eSocial.S-5002.Domain", "src\Domain\Ramos.eSocial.S-5002.Domain\Ramos.eSocial.S-5002.Domain.csproj", "{26004662-63E3-4416-8E00-E5F8BB53CECF}"
EndProject
Project("{FAE04EC0-301F-11D3-BF4B-00C04F79EFBC}") = "Ramos.eSocial.S-5003.Domain", "src\Domain\Ramos.eSocial.S-5003.Domain\Ramos.eSocial.S-5003.Domain.csproj", "{5E6E5332-4086-4629-9C9D-7679D0BC67B8}"
EndProject
Project("{FAE04EC0-301F-11D3-BF4B-00C04F79EFBC}") = "Ramos.eSocial.S-5011.Domain", "src\Domain\Ramos.eSocial.S-5011.Domain\Ramos.eSocial.S-5011.Domain.csproj", "{BFD82562-E540-42B9-8ABF-49E640C9490A}"
EndProject
Project("{FAE04EC0-301F-11D3-BF4B-00C04F79EFBC}") = "Ramos.eSocial.S-5012.Domain", "src\Domain\Ramos.eSocial.S-5012.Domain\Ramos.eSocial.S-5012.Domain.csproj", "{DD898F76-2F6E-4421-8BA3-CB4FEA2C9FD3}"
EndProject
Project("{FAE04EC0-301F-11D3-BF4B-00C04F79EFBC}") = "Ramos.eSocial.S-5013.Domain", "src\Domain\Ramos.eSocial.S-5013.Domain\Ramos.eSocial.S-5013.Domain.csproj", "{5DC32FFB-3656-4F5D-9FEA-B026225741B5}"
EndProject
Project("{FAE04EC0-301F-11D3-BF4B-00C04F79EFBC}") = "Ramos.eSocial.S-5501.Domain", "src\Domain\Ramos.eSocial.S-5501.Domain\Ramos.eSocial.S-5501.Domain.csproj", "{0D8ED218-BD52-4F4D-9DD4-B8101237282D}"
EndProject
Project("{FAE04EC0-301F-11D3-BF4B-00C04F79EFBC}") = "Ramos.eSocial.S-5503.Domain", "src\Domain\Ramos.eSocial.S-5503.Domain\Ramos.eSocial.S-5503.Domain.csproj", "{C134539C-4DEC-4DC4-AB40-A6C6D5E22B73}"
EndProject
Project("{FAE04EC0-301F-11D3-BF4B-00C04F79EFBC}") = "Ramos.eSocial.S-8200.Domain", "src\Domain\Ramos.eSocial.S-8200.Domain\Ramos.eSocial.S-8200.Domain.csproj", "{8B1EF6F1-3311-48E8-9A5F-FC5D5FE1348D}"
EndProject
Project("{FAE04EC0-301F-11D3-BF4B-00C04F79EFBC}") = "Ramos.eSocial.S-8299.Domain", "src\Domain\Ramos.eSocial.S-8299.Domain\Ramos.eSocial.S-8299.Domain.csproj", "{B00568A8-5D90-44A1-944F-0D2311343E7A}"
EndProject
Global
	GlobalSection(SolutionConfigurationPlatforms) = preSolution
		Debug|Any CPU = Debug|Any CPU
		Release|Any CPU = Release|Any CPU
	EndGlobalSection
	GlobalSection(SolutionProperties) = preSolution
		HideSolutionNode = FALSE
	EndGlobalSection
	GlobalSection(ProjectConfigurationPlatforms) = postSolution
		{67D5C83C-14A1-4092-A4B8-9E069FDB29B6}.Debug|Any CPU.ActiveCfg = Debug|Any CPU
		{67D5C83C-14A1-4092-A4B8-9E069FDB29B6}.Debug|Any CPU.Build.0 = Debug|Any CPU
		{67D5C83C-14A1-4092-A4B8-9E069FDB29B6}.Release|Any CPU.ActiveCfg = Release|Any CPU
		{67D5C83C-14A1-4092-A4B8-9E069FDB29B6}.Release|Any CPU.Build.0 = Release|Any CPU
		{3CC4ACCF-C313-45E8-92B7-042FB499C7ED}.Debug|Any CPU.ActiveCfg = Debug|Any CPU
		{3CC4ACCF-C313-45E8-92B7-042FB499C7ED}.Debug|Any CPU.Build.0 = Debug|Any CPU
		{3CC4ACCF-C313-45E8-92B7-042FB499C7ED}.Release|Any CPU.ActiveCfg = Release|Any CPU
		{3CC4ACCF-C313-45E8-92B7-042FB499C7ED}.Release|Any CPU.Build.0 = Release|Any CPU
		{1C73184D-FE97-4304-B602-6999CFC98D7B}.Debug|Any CPU.ActiveCfg = Debug|Any CPU
		{1C73184D-FE97-4304-B602-6999CFC98D7B}.Debug|Any CPU.Build.0 = Debug|Any CPU
		{1C73184D-FE97-4304-B602-6999CFC98D7B}.Release|Any CPU.ActiveCfg = Release|Any CPU
		{1C73184D-FE97-4304-B602-6999CFC98D7B}.Release|Any CPU.Build.0 = Release|Any CPU
		{23907F64-5616-4149-AB40-6D4425A63B6E}.Debug|Any CPU.ActiveCfg = Debug|Any CPU
		{23907F64-5616-4149-AB40-6D4425A63B6E}.Debug|Any CPU.Build.0 = Debug|Any CPU
		{23907F64-5616-4149-AB40-6D4425A63B6E}.Release|Any CPU.ActiveCfg = Release|Any CPU
		{23907F64-5616-4149-AB40-6D4425A63B6E}.Release|Any CPU.Build.0 = Release|Any CPU
		{42EDF05D-9ABE-41B9-9DA6-B468A91708E4}.Debug|Any CPU.ActiveCfg = Debug|Any CPU
		{42EDF05D-9ABE-41B9-9DA6-B468A91708E4}.Debug|Any CPU.Build.0 = Debug|Any CPU
		{42EDF05D-9ABE-41B9-9DA6-B468A91708E4}.Release|Any CPU.ActiveCfg = Release|Any CPU
		{42EDF05D-9ABE-41B9-9DA6-B468A91708E4}.Release|Any CPU.Build.0 = Release|Any CPU
		{77C5A0EE-5254-4A64-8D59-940EDDF9F2F9}.Debug|Any CPU.ActiveCfg = Debug|Any CPU
		{77C5A0EE-5254-4A64-8D59-940EDDF9F2F9}.Debug|Any CPU.Build.0 = Debug|Any CPU
		{77C5A0EE-5254-4A64-8D59-940EDDF9F2F9}.Release|Any CPU.ActiveCfg = Release|Any CPU
		{77C5A0EE-5254-4A64-8D59-940EDDF9F2F9}.Release|Any CPU.Build.0 = Release|Any CPU
		{65BA5C3A-18EA-4882-AF4B-3B6C929398E6}.Debug|Any CPU.ActiveCfg = Debug|Any CPU
		{65BA5C3A-18EA-4882-AF4B-3B6C929398E6}.Debug|Any CPU.Build.0 = Debug|Any CPU
		{65BA5C3A-18EA-4882-AF4B-3B6C929398E6}.Release|Any CPU.ActiveCfg = Release|Any CPU
		{65BA5C3A-18EA-4882-AF4B-3B6C929398E6}.Release|Any CPU.Build.0 = Release|Any CPU
		{D07A8585-4131-4F85-A4A9-6E8DFAAA93FF}.Debug|Any CPU.ActiveCfg = Debug|Any CPU
		{D07A8585-4131-4F85-A4A9-6E8DFAAA93FF}.Debug|Any CPU.Build.0 = Debug|Any CPU
		{D07A8585-4131-4F85-A4A9-6E8DFAAA93FF}.Release|Any CPU.ActiveCfg = Release|Any CPU
		{D07A8585-4131-4F85-A4A9-6E8DFAAA93FF}.Release|Any CPU.Build.0 = Release|Any CPU
		{4FCA6F02-38EB-42C6-AF43-6A47FC1CA51B}.Debug|Any CPU.ActiveCfg = Debug|Any CPU
		{4FCA6F02-38EB-42C6-AF43-6A47FC1CA51B}.Debug|Any CPU.Build.0 = Debug|Any CPU
		{4FCA6F02-38EB-42C6-AF43-6A47FC1CA51B}.Release|Any CPU.ActiveCfg = Release|Any CPU
		{4FCA6F02-38EB-42C6-AF43-6A47FC1CA51B}.Release|Any CPU.Build.0 = Release|Any CPU
		{86B190EC-75C2-4EFD-87EC-10E7FA7F92CE}.Debug|Any CPU.ActiveCfg = Debug|Any CPU
		{86B190EC-75C2-4EFD-87EC-10E7FA7F92CE}.Debug|Any CPU.Build.0 = Debug|Any CPU
		{86B190EC-75C2-4EFD-87EC-10E7FA7F92CE}.Release|Any CPU.ActiveCfg = Release|Any CPU
		{86B190EC-75C2-4EFD-87EC-10E7FA7F92CE}.Release|Any CPU.Build.0 = Release|Any CPU
		{D4F1B199-1DD3-4F43-B0E5-733434D03AB7}.Debug|Any CPU.ActiveCfg = Debug|Any CPU
		{D4F1B199-1DD3-4F43-B0E5-733434D03AB7}.Debug|Any CPU.Build.0 = Debug|Any CPU
		{D4F1B199-1DD3-4F43-B0E5-733434D03AB7}.Release|Any CPU.ActiveCfg = Release|Any CPU
		{D4F1B199-1DD3-4F43-B0E5-733434D03AB7}.Release|Any CPU.Build.0 = Release|Any CPU
		{14868E50-02BA-4348-8388-8DEF02C74389}.Debug|Any CPU.ActiveCfg = Debug|Any CPU
		{14868E50-02BA-4348-8388-8DEF02C74389}.Debug|Any CPU.Build.0 = Debug|Any CPU
		{14868E50-02BA-4348-8388-8DEF02C74389}.Release|Any CPU.ActiveCfg = Release|Any CPU
		{14868E50-02BA-4348-8388-8DEF02C74389}.Release|Any CPU.Build.0 = Release|Any CPU
		{D6AED247-A1BB-4713-B22F-47897F86113B}.Debug|Any CPU.ActiveCfg = Debug|Any CPU
		{D6AED247-A1BB-4713-B22F-47897F86113B}.Debug|Any CPU.Build.0 = Debug|Any CPU
		{D6AED247-A1BB-4713-B22F-47897F86113B}.Release|Any CPU.ActiveCfg = Release|Any CPU
		{D6AED247-A1BB-4713-B22F-47897F86113B}.Release|Any CPU.Build.0 = Release|Any CPU
		{0473BD1D-127D-4E1E-809A-9C2B3D091102}.Debug|Any CPU.ActiveCfg = Debug|Any CPU
		{0473BD1D-127D-4E1E-809A-9C2B3D091102}.Debug|Any CPU.Build.0 = Debug|Any CPU
		{0473BD1D-127D-4E1E-809A-9C2B3D091102}.Release|Any CPU.ActiveCfg = Release|Any CPU
		{0473BD1D-127D-4E1E-809A-9C2B3D091102}.Release|Any CPU.Build.0 = Release|Any CPU
		{9F768E5A-318B-4E67-83D7-CA4CDD5057E8}.Debug|Any CPU.ActiveCfg = Debug|Any CPU
		{9F768E5A-318B-4E67-83D7-CA4CDD5057E8}.Debug|Any CPU.Build.0 = Debug|Any CPU
		{9F768E5A-318B-4E67-83D7-CA4CDD5057E8}.Release|Any CPU.ActiveCfg = Release|Any CPU
		{9F768E5A-318B-4E67-83D7-CA4CDD5057E8}.Release|Any CPU.Build.0 = Release|Any CPU
		{BCE608F9-04A7-4BB5-8629-CB52768EAA51}.Debug|Any CPU.ActiveCfg = Debug|Any CPU
		{BCE608F9-04A7-4BB5-8629-CB52768EAA51}.Debug|Any CPU.Build.0 = Debug|Any CPU
		{BCE608F9-04A7-4BB5-8629-CB52768EAA51}.Release|Any CPU.ActiveCfg = Release|Any CPU
		{BCE608F9-04A7-4BB5-8629-CB52768EAA51}.Release|Any CPU.Build.0 = Release|Any CPU
		{E5CE244B-60E3-427E-AB8B-F133A6ED301A}.Debug|Any CPU.ActiveCfg = Debug|Any CPU
		{E5CE244B-60E3-427E-AB8B-F133A6ED301A}.Debug|Any CPU.Build.0 = Debug|Any CPU
		{E5CE244B-60E3-427E-AB8B-F133A6ED301A}.Release|Any CPU.ActiveCfg = Release|Any CPU
		{E5CE244B-60E3-427E-AB8B-F133A6ED301A}.Release|Any CPU.Build.0 = Release|Any CPU
		{E34A221E-276F-4798-A134-DA8319129EA5}.Debug|Any CPU.ActiveCfg = Debug|Any CPU
		{E34A221E-276F-4798-A134-DA8319129EA5}.Debug|Any CPU.Build.0 = Debug|Any CPU
		{E34A221E-276F-4798-A134-DA8319129EA5}.Release|Any CPU.ActiveCfg = Release|Any CPU
		{E34A221E-276F-4798-A134-DA8319129EA5}.Release|Any CPU.Build.0 = Release|Any CPU
		{132DEAC8-29BC-4D72-871B-883C0C4ACE05}.Debug|Any CPU.ActiveCfg = Debug|Any CPU
		{132DEAC8-29BC-4D72-871B-883C0C4ACE05}.Debug|Any CPU.Build.0 = Debug|Any CPU
		{132DEAC8-29BC-4D72-871B-883C0C4ACE05}.Release|Any CPU.ActiveCfg = Release|Any CPU
		{132DEAC8-29BC-4D72-871B-883C0C4ACE05}.Release|Any CPU.Build.0 = Release|Any CPU
		{2DA920C4-D112-4B81-B799-7684EBCECE8E}.Debug|Any CPU.ActiveCfg = Debug|Any CPU
		{2DA920C4-D112-4B81-B799-7684EBCECE8E}.Debug|Any CPU.Build.0 = Debug|Any CPU
		{2DA920C4-D112-4B81-B799-7684EBCECE8E}.Release|Any CPU.ActiveCfg = Release|Any CPU
		{2DA920C4-D112-4B81-B799-7684EBCECE8E}.Release|Any CPU.Build.0 = Release|Any CPU
		{EB7EAC81-C823-46F5-A8BB-3F6D9D100203}.Debug|Any CPU.ActiveCfg = Debug|Any CPU
		{EB7EAC81-C823-46F5-A8BB-3F6D9D100203}.Debug|Any CPU.Build.0 = Debug|Any CPU
		{EB7EAC81-C823-46F5-A8BB-3F6D9D100203}.Release|Any CPU.ActiveCfg = Release|Any CPU
		{EB7EAC81-C823-46F5-A8BB-3F6D9D100203}.Release|Any CPU.Build.0 = Release|Any CPU
		{C788E606-651B-4346-BBDC-5E4092DA3F78}.Debug|Any CPU.ActiveCfg = Debug|Any CPU
		{C788E606-651B-4346-BBDC-5E4092DA3F78}.Debug|Any CPU.Build.0 = Debug|Any CPU
		{C788E606-651B-4346-BBDC-5E4092DA3F78}.Release|Any CPU.ActiveCfg = Release|Any CPU
		{C788E606-651B-4346-BBDC-5E4092DA3F78}.Release|Any CPU.Build.0 = Release|Any CPU
		{9F32E4C3-FF61-4B78-AE59-D57C6D016930}.Debug|Any CPU.ActiveCfg = Debug|Any CPU
		{9F32E4C3-FF61-4B78-AE59-D57C6D016930}.Debug|Any CPU.Build.0 = Debug|Any CPU
		{9F32E4C3-FF61-4B78-AE59-D57C6D016930}.Release|Any CPU.ActiveCfg = Release|Any CPU
		{9F32E4C3-FF61-4B78-AE59-D57C6D016930}.Release|Any CPU.Build.0 = Release|Any CPU
		{A7403FCF-575D-42F9-AD01-8E685A44B70F}.Debug|Any CPU.ActiveCfg = Debug|Any CPU
		{A7403FCF-575D-42F9-AD01-8E685A44B70F}.Debug|Any CPU.Build.0 = Debug|Any CPU
		{A7403FCF-575D-42F9-AD01-8E685A44B70F}.Release|Any CPU.ActiveCfg = Release|Any CPU
		{A7403FCF-575D-42F9-AD01-8E685A44B70F}.Release|Any CPU.Build.0 = Release|Any CPU
		{4F15883C-E7DF-495B-A51A-07B82111EE3E}.Debug|Any CPU.ActiveCfg = Debug|Any CPU
		{4F15883C-E7DF-495B-A51A-07B82111EE3E}.Debug|Any CPU.Build.0 = Debug|Any CPU
		{4F15883C-E7DF-495B-A51A-07B82111EE3E}.Release|Any CPU.ActiveCfg = Release|Any CPU
		{4F15883C-E7DF-495B-A51A-07B82111EE3E}.Release|Any CPU.Build.0 = Release|Any CPU
		{73D984ED-99B7-4B7D-9B2A-AEEF28CE9FE0}.Debug|Any CPU.ActiveCfg = Debug|Any CPU
		{73D984ED-99B7-4B7D-9B2A-AEEF28CE9FE0}.Debug|Any CPU.Build.0 = Debug|Any CPU
		{73D984ED-99B7-4B7D-9B2A-AEEF28CE9FE0}.Release|Any CPU.ActiveCfg = Release|Any CPU
		{73D984ED-99B7-4B7D-9B2A-AEEF28CE9FE0}.Release|Any CPU.Build.0 = Release|Any CPU
		{3366AC66-8E60-4AAD-9BE2-BDB4D5ADFF66}.Debug|Any CPU.ActiveCfg = Debug|Any CPU
		{3366AC66-8E60-4AAD-9BE2-BDB4D5ADFF66}.Debug|Any CPU.Build.0 = Debug|Any CPU
		{3366AC66-8E60-4AAD-9BE2-BDB4D5ADFF66}.Release|Any CPU.ActiveCfg = Release|Any CPU
		{3366AC66-8E60-4AAD-9BE2-BDB4D5ADFF66}.Release|Any CPU.Build.0 = Release|Any CPU
		{D5FA68C9-0768-4E65-B4C1-3A564541D7E2}.Debug|Any CPU.ActiveCfg = Debug|Any CPU
		{D5FA68C9-0768-4E65-B4C1-3A564541D7E2}.Debug|Any CPU.Build.0 = Debug|Any CPU
		{D5FA68C9-0768-4E65-B4C1-3A564541D7E2}.Release|Any CPU.ActiveCfg = Release|Any CPU
		{D5FA68C9-0768-4E65-B4C1-3A564541D7E2}.Release|Any CPU.Build.0 = Release|Any CPU
		{04408136-EE17-4D17-829D-0527ABEBDBDC}.Debug|Any CPU.ActiveCfg = Debug|Any CPU
		{04408136-EE17-4D17-829D-0527ABEBDBDC}.Debug|Any CPU.Build.0 = Debug|Any CPU
		{04408136-EE17-4D17-829D-0527ABEBDBDC}.Release|Any CPU.ActiveCfg = Release|Any CPU
		{04408136-EE17-4D17-829D-0527ABEBDBDC}.Release|Any CPU.Build.0 = Release|Any CPU
		{746E0820-1DA4-43F2-BF45-DE0595036453}.Debug|Any CPU.ActiveCfg = Debug|Any CPU
		{746E0820-1DA4-43F2-BF45-DE0595036453}.Debug|Any CPU.Build.0 = Debug|Any CPU
		{746E0820-1DA4-43F2-BF45-DE0595036453}.Release|Any CPU.ActiveCfg = Release|Any CPU
		{746E0820-1DA4-43F2-BF45-DE0595036453}.Release|Any CPU.Build.0 = Release|Any CPU
		{2C97DB06-5B1D-4123-8560-EAB60325B9CB}.Debug|Any CPU.ActiveCfg = Debug|Any CPU
		{2C97DB06-5B1D-4123-8560-EAB60325B9CB}.Debug|Any CPU.Build.0 = Debug|Any CPU
		{2C97DB06-5B1D-4123-8560-EAB60325B9CB}.Release|Any CPU.ActiveCfg = Release|Any CPU
		{2C97DB06-5B1D-4123-8560-EAB60325B9CB}.Release|Any CPU.Build.0 = Release|Any CPU
		{627E3FB5-9060-4A68-A985-75514A4EAA03}.Debug|Any CPU.ActiveCfg = Debug|Any CPU
		{627E3FB5-9060-4A68-A985-75514A4EAA03}.Debug|Any CPU.Build.0 = Debug|Any CPU
		{627E3FB5-9060-4A68-A985-75514A4EAA03}.Release|Any CPU.ActiveCfg = Release|Any CPU
		{627E3FB5-9060-4A68-A985-75514A4EAA03}.Release|Any CPU.Build.0 = Release|Any CPU
		{836F0ECC-AD33-4EED-A48A-E0E16BA3C7F3}.Debug|Any CPU.ActiveCfg = Debug|Any CPU
		{836F0ECC-AD33-4EED-A48A-E0E16BA3C7F3}.Debug|Any CPU.Build.0 = Debug|Any CPU
		{836F0ECC-AD33-4EED-A48A-E0E16BA3C7F3}.Release|Any CPU.ActiveCfg = Release|Any CPU
		{836F0ECC-AD33-4EED-A48A-E0E16BA3C7F3}.Release|Any CPU.Build.0 = Release|Any CPU
		{BD9E1304-B0F2-4A2B-B40A-24AF1F919A3F}.Debug|Any CPU.ActiveCfg = Debug|Any CPU
		{BD9E1304-B0F2-4A2B-B40A-24AF1F919A3F}.Debug|Any CPU.Build.0 = Debug|Any CPU
		{BD9E1304-B0F2-4A2B-B40A-24AF1F919A3F}.Release|Any CPU.ActiveCfg = Release|Any CPU
		{BD9E1304-B0F2-4A2B-B40A-24AF1F919A3F}.Release|Any CPU.Build.0 = Release|Any CPU
		{18CA62ED-6663-41D4-A8BC-FD5390D1FCEE}.Debug|Any CPU.ActiveCfg = Debug|Any CPU
		{18CA62ED-6663-41D4-A8BC-FD5390D1FCEE}.Debug|Any CPU.Build.0 = Debug|Any CPU
		{18CA62ED-6663-41D4-A8BC-FD5390D1FCEE}.Release|Any CPU.ActiveCfg = Release|Any CPU
		{18CA62ED-6663-41D4-A8BC-FD5390D1FCEE}.Release|Any CPU.Build.0 = Release|Any CPU
		{D16D4B8F-E3B8-4D2B-89ED-885AE54C6F8D}.Debug|Any CPU.ActiveCfg = Debug|Any CPU
		{D16D4B8F-E3B8-4D2B-89ED-885AE54C6F8D}.Debug|Any CPU.Build.0 = Debug|Any CPU
		{D16D4B8F-E3B8-4D2B-89ED-885AE54C6F8D}.Release|Any CPU.ActiveCfg = Release|Any CPU
		{D16D4B8F-E3B8-4D2B-89ED-885AE54C6F8D}.Release|Any CPU.Build.0 = Release|Any CPU
		{6F995149-DD51-46EE-A37E-1A59DE31548A}.Debug|Any CPU.ActiveCfg = Debug|Any CPU
		{6F995149-DD51-46EE-A37E-1A59DE31548A}.Debug|Any CPU.Build.0 = Debug|Any CPU
		{6F995149-DD51-46EE-A37E-1A59DE31548A}.Release|Any CPU.ActiveCfg = Release|Any CPU
		{6F995149-DD51-46EE-A37E-1A59DE31548A}.Release|Any CPU.Build.0 = Release|Any CPU
		{FE1AECA9-60A4-45CE-84AB-AA4F2CE24ED8}.Debug|Any CPU.ActiveCfg = Debug|Any CPU
		{FE1AECA9-60A4-45CE-84AB-AA4F2CE24ED8}.Debug|Any CPU.Build.0 = Debug|Any CPU
		{FE1AECA9-60A4-45CE-84AB-AA4F2CE24ED8}.Release|Any CPU.ActiveCfg = Release|Any CPU
		{FE1AECA9-60A4-45CE-84AB-AA4F2CE24ED8}.Release|Any CPU.Build.0 = Release|Any CPU
		{CA179117-C091-4143-B4D9-777005083A2E}.Debug|Any CPU.ActiveCfg = Debug|Any CPU
		{CA179117-C091-4143-B4D9-777005083A2E}.Debug|Any CPU.Build.0 = Debug|Any CPU
		{CA179117-C091-4143-B4D9-777005083A2E}.Release|Any CPU.ActiveCfg = Release|Any CPU
		{CA179117-C091-4143-B4D9-777005083A2E}.Release|Any CPU.Build.0 = Release|Any CPU
		{2EA6D20A-E9C3-4FA4-AA13-E5A2E17739E4}.Debug|Any CPU.ActiveCfg = Debug|Any CPU
		{2EA6D20A-E9C3-4FA4-AA13-E5A2E17739E4}.Debug|Any CPU.Build.0 = Debug|Any CPU
		{2EA6D20A-E9C3-4FA4-AA13-E5A2E17739E4}.Release|Any CPU.ActiveCfg = Release|Any CPU
		{2EA6D20A-E9C3-4FA4-AA13-E5A2E17739E4}.Release|Any CPU.Build.0 = Release|Any CPU
		{A0039232-3C30-46DE-B2EE-FD9E7409BB14}.Debug|Any CPU.ActiveCfg = Debug|Any CPU
		{A0039232-3C30-46DE-B2EE-FD9E7409BB14}.Debug|Any CPU.Build.0 = Debug|Any CPU
		{A0039232-3C30-46DE-B2EE-FD9E7409BB14}.Release|Any CPU.ActiveCfg = Release|Any CPU
		{A0039232-3C30-46DE-B2EE-FD9E7409BB14}.Release|Any CPU.Build.0 = Release|Any CPU
		{AB589E2A-F72A-480C-941D-14EB9A7FBE73}.Debug|Any CPU.ActiveCfg = Debug|Any CPU
		{AB589E2A-F72A-480C-941D-14EB9A7FBE73}.Debug|Any CPU.Build.0 = Debug|Any CPU
		{AB589E2A-F72A-480C-941D-14EB9A7FBE73}.Release|Any CPU.ActiveCfg = Release|Any CPU
		{AB589E2A-F72A-480C-941D-14EB9A7FBE73}.Release|Any CPU.Build.0 = Release|Any CPU
		{3C76A377-2CEB-4F37-BC29-F7556945EEA2}.Debug|Any CPU.ActiveCfg = Debug|Any CPU
		{3C76A377-2CEB-4F37-BC29-F7556945EEA2}.Debug|Any CPU.Build.0 = Debug|Any CPU
		{3C76A377-2CEB-4F37-BC29-F7556945EEA2}.Release|Any CPU.ActiveCfg = Release|Any CPU
		{3C76A377-2CEB-4F37-BC29-F7556945EEA2}.Release|Any CPU.Build.0 = Release|Any CPU
		{26004662-63E3-4416-8E00-E5F8BB53CECF}.Debug|Any CPU.ActiveCfg = Debug|Any CPU
		{26004662-63E3-4416-8E00-E5F8BB53CECF}.Debug|Any CPU.Build.0 = Debug|Any CPU
		{26004662-63E3-4416-8E00-E5F8BB53CECF}.Release|Any CPU.ActiveCfg = Release|Any CPU
		{26004662-63E3-4416-8E00-E5F8BB53CECF}.Release|Any CPU.Build.0 = Release|Any CPU
		{5E6E5332-4086-4629-9C9D-7679D0BC67B8}.Debug|Any CPU.ActiveCfg = Debug|Any CPU
		{5E6E5332-4086-4629-9C9D-7679D0BC67B8}.Debug|Any CPU.Build.0 = Debug|Any CPU
		{5E6E5332-4086-4629-9C9D-7679D0BC67B8}.Release|Any CPU.ActiveCfg = Release|Any CPU
		{5E6E5332-4086-4629-9C9D-7679D0BC67B8}.Release|Any CPU.Build.0 = Release|Any CPU
		{BFD82562-E540-42B9-8ABF-49E640C9490A}.Debug|Any CPU.ActiveCfg = Debug|Any CPU
		{BFD82562-E540-42B9-8ABF-49E640C9490A}.Debug|Any CPU.Build.0 = Debug|Any CPU
		{BFD82562-E540-42B9-8ABF-49E640C9490A}.Release|Any CPU.ActiveCfg = Release|Any CPU
		{BFD82562-E540-42B9-8ABF-49E640C9490A}.Release|Any CPU.Build.0 = Release|Any CPU
		{DD898F76-2F6E-4421-8BA3-CB4FEA2C9FD3}.Debug|Any CPU.ActiveCfg = Debug|Any CPU
		{DD898F76-2F6E-4421-8BA3-CB4FEA2C9FD3}.Debug|Any CPU.Build.0 = Debug|Any CPU
		{DD898F76-2F6E-4421-8BA3-CB4FEA2C9FD3}.Release|Any CPU.ActiveCfg = Release|Any CPU
		{DD898F76-2F6E-4421-8BA3-CB4FEA2C9FD3}.Release|Any CPU.Build.0 = Release|Any CPU
		{5DC32FFB-3656-4F5D-9FEA-B026225741B5}.Debug|Any CPU.ActiveCfg = Debug|Any CPU
		{5DC32FFB-3656-4F5D-9FEA-B026225741B5}.Debug|Any CPU.Build.0 = Debug|Any CPU
		{5DC32FFB-3656-4F5D-9FEA-B026225741B5}.Release|Any CPU.ActiveCfg = Release|Any CPU
		{5DC32FFB-3656-4F5D-9FEA-B026225741B5}.Release|Any CPU.Build.0 = Release|Any CPU
		{0D8ED218-BD52-4F4D-9DD4-B8101237282D}.Debug|Any CPU.ActiveCfg = Debug|Any CPU
		{0D8ED218-BD52-4F4D-9DD4-B8101237282D}.Debug|Any CPU.Build.0 = Debug|Any CPU
		{0D8ED218-BD52-4F4D-9DD4-B8101237282D}.Release|Any CPU.ActiveCfg = Release|Any CPU
		{0D8ED218-BD52-4F4D-9DD4-B8101237282D}.Release|Any CPU.Build.0 = Release|Any CPU
		{C134539C-4DEC-4DC4-AB40-A6C6D5E22B73}.Debug|Any CPU.ActiveCfg = Debug|Any CPU
		{C134539C-4DEC-4DC4-AB40-A6C6D5E22B73}.Debug|Any CPU.Build.0 = Debug|Any CPU
		{C134539C-4DEC-4DC4-AB40-A6C6D5E22B73}.Release|Any CPU.ActiveCfg = Release|Any CPU
		{C134539C-4DEC-4DC4-AB40-A6C6D5E22B73}.Release|Any CPU.Build.0 = Release|Any CPU
		{8B1EF6F1-3311-48E8-9A5F-FC5D5FE1348D}.Debug|Any CPU.ActiveCfg = Debug|Any CPU
		{8B1EF6F1-3311-48E8-9A5F-FC5D5FE1348D}.Debug|Any CPU.Build.0 = Debug|Any CPU
		{8B1EF6F1-3311-48E8-9A5F-FC5D5FE1348D}.Release|Any CPU.ActiveCfg = Release|Any CPU
		{8B1EF6F1-3311-48E8-9A5F-FC5D5FE1348D}.Release|Any CPU.Build.0 = Release|Any CPU
		{B00568A8-5D90-44A1-944F-0D2311343E7A}.Debug|Any CPU.ActiveCfg = Debug|Any CPU
		{B00568A8-5D90-44A1-944F-0D2311343E7A}.Debug|Any CPU.Build.0 = Debug|Any CPU
		{B00568A8-5D90-44A1-944F-0D2311343E7A}.Release|Any CPU.ActiveCfg = Release|Any CPU
		{B00568A8-5D90-44A1-944F-0D2311343E7A}.Release|Any CPU.Build.0 = Release|Any CPU
	EndGlobalSection
	GlobalSection(NestedProjects) = preSolution
		{67D5C83C-14A1-4092-A4B8-9E069FDB29B6} = {878F4F1C-8A42-469C-AD82-7B4097CF8628}
		{3CC4ACCF-C313-45E8-92B7-042FB499C7ED} = {F249FC46-3B61-4B97-B475-90B1FCA0FBA7}
		{52AE1305-1723-475A-A82B-1D8BD1508E90} = {878F4F1C-8A42-469C-AD82-7B4097CF8628}
		{1C73184D-FE97-4304-B602-6999CFC98D7B} = {52AE1305-1723-475A-A82B-1D8BD1508E90}
		{23907F64-5616-4149-AB40-6D4425A63B6E} = {52AE1305-1723-475A-A82B-1D8BD1508E90}
		{42EDF05D-9ABE-41B9-9DA6-B468A91708E4} = {52AE1305-1723-475A-A82B-1D8BD1508E90}
		{77C5A0EE-5254-4A64-8D59-940EDDF9F2F9} = {52AE1305-1723-475A-A82B-1D8BD1508E90}
		{65BA5C3A-18EA-4882-AF4B-3B6C929398E6} = {52AE1305-1723-475A-A82B-1D8BD1508E90}
		{D07A8585-4131-4F85-A4A9-6E8DFAAA93FF} = {52AE1305-1723-475A-A82B-1D8BD1508E90}
		{4FCA6F02-38EB-42C6-AF43-6A47FC1CA51B} = {52AE1305-1723-475A-A82B-1D8BD1508E90}
		{86B190EC-75C2-4EFD-87EC-10E7FA7F92CE} = {52AE1305-1723-475A-A82B-1D8BD1508E90}
		{D4F1B199-1DD3-4F43-B0E5-733434D03AB7} = {52AE1305-1723-475A-A82B-1D8BD1508E90}
		{14868E50-02BA-4348-8388-8DEF02C74389} = {52AE1305-1723-475A-A82B-1D8BD1508E90}
		{D6AED247-A1BB-4713-B22F-47897F86113B} = {52AE1305-1723-475A-A82B-1D8BD1508E90}
		{0473BD1D-127D-4E1E-809A-9C2B3D091102} = {52AE1305-1723-475A-A82B-1D8BD1508E90}
		{9F768E5A-318B-4E67-83D7-CA4CDD5057E8} = {52AE1305-1723-475A-A82B-1D8BD1508E90}
		{BCE608F9-04A7-4BB5-8629-CB52768EAA51} = {52AE1305-1723-475A-A82B-1D8BD1508E90}
		{E5CE244B-60E3-427E-AB8B-F133A6ED301A} = {52AE1305-1723-475A-A82B-1D8BD1508E90}
		{E34A221E-276F-4798-A134-DA8319129EA5} = {52AE1305-1723-475A-A82B-1D8BD1508E90}
		{132DEAC8-29BC-4D72-871B-883C0C4ACE05} = {52AE1305-1723-475A-A82B-1D8BD1508E90}
		{2DA920C4-D112-4B81-B799-7684EBCECE8E} = {52AE1305-1723-475A-A82B-1D8BD1508E90}
		{EB7EAC81-C823-46F5-A8BB-3F6D9D100203} = {52AE1305-1723-475A-A82B-1D8BD1508E90}
		{C788E606-651B-4346-BBDC-5E4092DA3F78} = {52AE1305-1723-475A-A82B-1D8BD1508E90}
		{9F32E4C3-FF61-4B78-AE59-D57C6D016930} = {52AE1305-1723-475A-A82B-1D8BD1508E90}
		{A7403FCF-575D-42F9-AD01-8E685A44B70F} = {52AE1305-1723-475A-A82B-1D8BD1508E90}
		{4F15883C-E7DF-495B-A51A-07B82111EE3E} = {52AE1305-1723-475A-A82B-1D8BD1508E90}
		{73D984ED-99B7-4B7D-9B2A-AEEF28CE9FE0} = {52AE1305-1723-475A-A82B-1D8BD1508E90}
		{3366AC66-8E60-4AAD-9BE2-BDB4D5ADFF66} = {52AE1305-1723-475A-A82B-1D8BD1508E90}
		{D5FA68C9-0768-4E65-B4C1-3A564541D7E2} = {52AE1305-1723-475A-A82B-1D8BD1508E90}
		{04408136-EE17-4D17-829D-0527ABEBDBDC} = {52AE1305-1723-475A-A82B-1D8BD1508E90}
		{746E0820-1DA4-43F2-BF45-DE0595036453} = {52AE1305-1723-475A-A82B-1D8BD1508E90}
		{2C97DB06-5B1D-4123-8560-EAB60325B9CB} = {52AE1305-1723-475A-A82B-1D8BD1508E90}
		{627E3FB5-9060-4A68-A985-75514A4EAA03} = {52AE1305-1723-475A-A82B-1D8BD1508E90}
		{836F0ECC-AD33-4EED-A48A-E0E16BA3C7F3} = {52AE1305-1723-475A-A82B-1D8BD1508E90}
		{BD9E1304-B0F2-4A2B-B40A-24AF1F919A3F} = {52AE1305-1723-475A-A82B-1D8BD1508E90}
		{18CA62ED-6663-41D4-A8BC-FD5390D1FCEE} = {52AE1305-1723-475A-A82B-1D8BD1508E90}
		{D16D4B8F-E3B8-4D2B-89ED-885AE54C6F8D} = {52AE1305-1723-475A-A82B-1D8BD1508E90}
		{6F995149-DD51-46EE-A37E-1A59DE31548A} = {52AE1305-1723-475A-A82B-1D8BD1508E90}
		{FE1AECA9-60A4-45CE-84AB-AA4F2CE24ED8} = {52AE1305-1723-475A-A82B-1D8BD1508E90}
		{CA179117-C091-4143-B4D9-777005083A2E} = {52AE1305-1723-475A-A82B-1D8BD1508E90}
		{2EA6D20A-E9C3-4FA4-AA13-E5A2E17739E4} = {52AE1305-1723-475A-A82B-1D8BD1508E90}
		{A0039232-3C30-46DE-B2EE-FD9E7409BB14} = {52AE1305-1723-475A-A82B-1D8BD1508E90}
		{AB589E2A-F72A-480C-941D-14EB9A7FBE73} = {52AE1305-1723-475A-A82B-1D8BD1508E90}
		{3C76A377-2CEB-4F37-BC29-F7556945EEA2} = {52AE1305-1723-475A-A82B-1D8BD1508E90}
		{26004662-63E3-4416-8E00-E5F8BB53CECF} = {52AE1305-1723-475A-A82B-1D8BD1508E90}
		{5E6E5332-4086-4629-9C9D-7679D0BC67B8} = {52AE1305-1723-475A-A82B-1D8BD1508E90}
		{BFD82562-E540-42B9-8ABF-49E640C9490A} = {52AE1305-1723-475A-A82B-1D8BD1508E90}
		{DD898F76-2F6E-4421-8BA3-CB4FEA2C9FD3} = {52AE1305-1723-475A-A82B-1D8BD1508E90}
		{5DC32FFB-3656-4F5D-9FEA-B026225741B5} = {52AE1305-1723-475A-A82B-1D8BD1508E90}
		{0D8ED218-BD52-4F4D-9DD4-B8101237282D} = {52AE1305-1723-475A-A82B-1D8BD1508E90}
		{C134539C-4DEC-4DC4-AB40-A6C6D5E22B73} = {52AE1305-1723-475A-A82B-1D8BD1508E90}
		{8B1EF6F1-3311-48E8-9A5F-FC5D5FE1348D} = {52AE1305-1723-475A-A82B-1D8BD1508E90}
		{B00568A8-5D90-44A1-944F-0D2311343E7A} = {52AE1305-1723-475A-A82B-1D8BD1508E90}
	EndGlobalSection
EndGlobal
