
Microsoft Visual Studio Solution File, Format Version 12.00
Project("{2150E333-8FDC-42A3-9474-1A3956D46DE8}") = "Core", "Core", "{B7429C5C-26D2-49FE-8B6B-FDE57618B896}"
EndProject
Project("{2150E333-8FDC-42A3-9474-1A3956D46DE8}") = "Infrashtructure", "Infrashtructure", "{B5F45953-A43A-421C-A9B2-2939D8526951}"
EndProject
Project("{2150E333-8FDC-42A3-9474-1A3956D46DE8}") = "Presentation", "Presentation", "{D0BF794A-EC1B-4A3F-A94D-0294B1D6895D}"
EndProject
Project("{FAE04EC0-301F-11D3-BF4B-00C04F79EFBC}") = "DDDTemplate.Application", "DDDTemplate.Application\DDDTemplate.Application.csproj", "{8E7F90D2-ADFD-488F-87BD-65C32C868465}"
EndProject
Project("{FAE04EC0-301F-11D3-BF4B-00C04F79EFBC}") = "DDDTemplate.Domain", "DDDTemplate.Domain\DDDTemplate.Domain.csproj", "{C48FB878-1506-4EF7-B7D3-DC825BA77530}"
EndProject
Project("{FAE04EC0-301F-11D3-BF4B-00C04F79EFBC}") = "DDDTemplate.SharedKernel", "DDDTemplate.SharedKernel\DDDTemplate.SharedKernel.csproj", "{C9DD82D7-9EDF-40E9-8B59-0DA906D46F01}"
EndProject
Project("{FAE04EC0-301F-11D3-BF4B-00C04F79EFBC}") = "DDDTemplate.Infashtructure", "DDDTemplate.Infashtructure\DDDTemplate.Infashtructure.csproj", "{C1A252F8-DB07-42BB-99D1-90B34472539D}"
EndProject
Project("{FAE04EC0-301F-11D3-BF4B-00C04F79EFBC}") = "DDDTemplate.Persistence", "DDDTemplate.Persistence\DDDTemplate.Persistence.csproj", "{50F62150-98B6-4BF9-AB99-F65B27649809}"
EndProject
Project("{FAE04EC0-301F-11D3-BF4B-00C04F79EFBC}") = "DDDTemplate.WebApi", "DDDTemplate.WebApi\DDDTemplate.WebApi.csproj", "{944B647F-41E0-45F8-9FC3-A734BBED4745}"
EndProject
Project("{FAE04EC0-301F-11D3-BF4B-00C04F79EFBC}") = "DDDTemplate.FastEndpoint", "DDDTemplate.FastEndpoint\DDDTemplate.FastEndpoint.csproj", "{0EA608BF-8B60-45FE-AAF0-43D63D785DD0}"
EndProject
Global
	GlobalSection(SolutionConfigurationPlatforms) = preSolution
		Debug|Any CPU = Debug|Any CPU
		Release|Any CPU = Release|Any CPU
	EndGlobalSection
	GlobalSection(NestedProjects) = preSolution
		{8E7F90D2-ADFD-488F-87BD-65C32C868465} = {B7429C5C-26D2-49FE-8B6B-FDE57618B896}
		{C48FB878-1506-4EF7-B7D3-DC825BA77530} = {B7429C5C-26D2-49FE-8B6B-FDE57618B896}
		{C9DD82D7-9EDF-40E9-8B59-0DA906D46F01} = {B7429C5C-26D2-49FE-8B6B-FDE57618B896}
		{C1A252F8-DB07-42BB-99D1-90B34472539D} = {B5F45953-A43A-421C-A9B2-2939D8526951}
		{50F62150-98B6-4BF9-AB99-F65B27649809} = {B5F45953-A43A-421C-A9B2-2939D8526951}
		{944B647F-41E0-45F8-9FC3-A734BBED4745} = {D0BF794A-EC1B-4A3F-A94D-0294B1D6895D}
		{0EA608BF-8B60-45FE-AAF0-43D63D785DD0} = {B5F45953-A43A-421C-A9B2-2939D8526951}
	EndGlobalSection
	GlobalSection(ProjectConfigurationPlatforms) = postSolution
		{8E7F90D2-ADFD-488F-87BD-65C32C868465}.Debug|Any CPU.ActiveCfg = Debug|Any CPU
		{8E7F90D2-ADFD-488F-87BD-65C32C868465}.Debug|Any CPU.Build.0 = Debug|Any CPU
		{8E7F90D2-ADFD-488F-87BD-65C32C868465}.Release|Any CPU.ActiveCfg = Release|Any CPU
		{8E7F90D2-ADFD-488F-87BD-65C32C868465}.Release|Any CPU.Build.0 = Release|Any CPU
		{C48FB878-1506-4EF7-B7D3-DC825BA77530}.Debug|Any CPU.ActiveCfg = Debug|Any CPU
		{C48FB878-1506-4EF7-B7D3-DC825BA77530}.Debug|Any CPU.Build.0 = Debug|Any CPU
		{C48FB878-1506-4EF7-B7D3-DC825BA77530}.Release|Any CPU.ActiveCfg = Release|Any CPU
		{C48FB878-1506-4EF7-B7D3-DC825BA77530}.Release|Any CPU.Build.0 = Release|Any CPU
		{C9DD82D7-9EDF-40E9-8B59-0DA906D46F01}.Debug|Any CPU.ActiveCfg = Debug|Any CPU
		{C9DD82D7-9EDF-40E9-8B59-0DA906D46F01}.Debug|Any CPU.Build.0 = Debug|Any CPU
		{C9DD82D7-9EDF-40E9-8B59-0DA906D46F01}.Release|Any CPU.ActiveCfg = Release|Any CPU
		{C9DD82D7-9EDF-40E9-8B59-0DA906D46F01}.Release|Any CPU.Build.0 = Release|Any CPU
		{C1A252F8-DB07-42BB-99D1-90B34472539D}.Debug|Any CPU.ActiveCfg = Debug|Any CPU
		{C1A252F8-DB07-42BB-99D1-90B34472539D}.Debug|Any CPU.Build.0 = Debug|Any CPU
		{C1A252F8-DB07-42BB-99D1-90B34472539D}.Release|Any CPU.ActiveCfg = Release|Any CPU
		{C1A252F8-DB07-42BB-99D1-90B34472539D}.Release|Any CPU.Build.0 = Release|Any CPU
		{50F62150-98B6-4BF9-AB99-F65B27649809}.Debug|Any CPU.ActiveCfg = Debug|Any CPU
		{50F62150-98B6-4BF9-AB99-F65B27649809}.Debug|Any CPU.Build.0 = Debug|Any CPU
		{50F62150-98B6-4BF9-AB99-F65B27649809}.Release|Any CPU.ActiveCfg = Release|Any CPU
		{50F62150-98B6-4BF9-AB99-F65B27649809}.Release|Any CPU.Build.0 = Release|Any CPU
		{944B647F-41E0-45F8-9FC3-A734BBED4745}.Debug|Any CPU.ActiveCfg = Debug|Any CPU
		{944B647F-41E0-45F8-9FC3-A734BBED4745}.Debug|Any CPU.Build.0 = Debug|Any CPU
		{944B647F-41E0-45F8-9FC3-A734BBED4745}.Release|Any CPU.ActiveCfg = Release|Any CPU
		{944B647F-41E0-45F8-9FC3-A734BBED4745}.Release|Any CPU.Build.0 = Release|Any CPU
		{0EA608BF-8B60-45FE-AAF0-43D63D785DD0}.Debug|Any CPU.ActiveCfg = Debug|Any CPU
		{0EA608BF-8B60-45FE-AAF0-43D63D785DD0}.Debug|Any CPU.Build.0 = Debug|Any CPU
		{0EA608BF-8B60-45FE-AAF0-43D63D785DD0}.Release|Any CPU.ActiveCfg = Release|Any CPU
		{0EA608BF-8B60-45FE-AAF0-43D63D785DD0}.Release|Any CPU.Build.0 = Release|Any CPU
	EndGlobalSection
EndGlobal
